
Microsoft Visual Studio Solution File, Format Version 12.00
# Visual Studio 2013
VisualStudioVersion = 12.0.21005.1
MinimumVisualStudioVersion = 10.0.40219.1
Project("{8BC9CEB8-8B4A-11D0-8D11-00A0C91BC942}") = "WhitworthInfo", "WhitworthInfo\WhitworthInfo.vcxproj", "{47F45517-EE07-4BB2-A3B2-D23AA939E78C}"
EndProject
Global
	GlobalSection(SolutionConfigurationPlatforms) = preSolution
		Debug|Win32 = Debug|Win32
		Release|Win32 = Release|Win32
	EndGlobalSection
	GlobalSection(ProjectConfigurationPlatforms) = postSolution
		{47F45517-EE07-4BB2-A3B2-D23AA939E78C}.Debug|Win32.ActiveCfg = Debug|Win32
		{47F45517-EE07-4BB2-A3B2-D23AA939E78C}.Debug|Win32.Build.0 = Debug|Win32
		{47F45517-EE07-4BB2-A3B2-D23AA939E78C}.Release|Win32.ActiveCfg = Release|Win32
		{47F45517-EE07-4BB2-A3B2-D23AA939E78C}.Release|Win32.Build.0 = Release|Win32
	EndGlobalSection
	GlobalSection(SolutionProperties) = preSolution
		HideSolutionNode = FALSE
	EndGlobalSection
EndGlobal
